
Microsoft Visual Studio Solution File, Format Version 12.00
# Visual Studio 14
VisualStudioVersion = 14.0.25123.0
MinimumVisualStudioVersion = 10.0.40219.1
Project("{FAE04EC0-301F-11D3-BF4B-00C04F79EFBC}") = "LightMvcCaptcha.Core", "LightMvcCaptcha.Core\LightMvcCaptcha.Core.csproj", "{AD511177-24D5-45BA-B544-1F28E5B4C03A}"
EndProject
Project("{FAE04EC0-301F-11D3-BF4B-00C04F79EFBC}") = "LightMvcCaptcha.Web", "LightMvcCaptcha.Web\LightMvcCaptcha.Web.csproj", "{9A01C4EB-998C-4C11-9C60-580EEE6D73D6}"
EndProject
Project("{FAE04EC0-301F-11D3-BF4B-00C04F79EFBC}") = "LightMvcCaptcha.SpeedTest", "LightMvcCaptcha.SpeedTest\LightMvcCaptcha.SpeedTest.csproj", "{826A6A49-B040-4CB0-8CC7-B9366EFC973A}"
EndProject
Global
	GlobalSection(SolutionConfigurationPlatforms) = preSolution
		Debug|Any CPU = Debug|Any CPU
		Release|Any CPU = Release|Any CPU
	EndGlobalSection
	GlobalSection(ProjectConfigurationPlatforms) = postSolution
		{AD511177-24D5-45BA-B544-1F28E5B4C03A}.Debug|Any CPU.ActiveCfg = Debug|Any CPU
		{AD511177-24D5-45BA-B544-1F28E5B4C03A}.Debug|Any CPU.Build.0 = Debug|Any CPU
		{AD511177-24D5-45BA-B544-1F28E5B4C03A}.Release|Any CPU.ActiveCfg = Release|Any CPU
		{AD511177-24D5-45BA-B544-1F28E5B4C03A}.Release|Any CPU.Build.0 = Release|Any CPU
		{9A01C4EB-998C-4C11-9C60-580EEE6D73D6}.Debug|Any CPU.ActiveCfg = Debug|Any CPU
		{9A01C4EB-998C-4C11-9C60-580EEE6D73D6}.Debug|Any CPU.Build.0 = Debug|Any CPU
		{9A01C4EB-998C-4C11-9C60-580EEE6D73D6}.Release|Any CPU.ActiveCfg = Release|Any CPU
		{9A01C4EB-998C-4C11-9C60-580EEE6D73D6}.Release|Any CPU.Build.0 = Release|Any CPU
		{826A6A49-B040-4CB0-8CC7-B9366EFC973A}.Debug|Any CPU.ActiveCfg = Debug|Any CPU
		{826A6A49-B040-4CB0-8CC7-B9366EFC973A}.Debug|Any CPU.Build.0 = Debug|Any CPU
		{826A6A49-B040-4CB0-8CC7-B9366EFC973A}.Release|Any CPU.ActiveCfg = Release|Any CPU
		{826A6A49-B040-4CB0-8CC7-B9366EFC973A}.Release|Any CPU.Build.0 = Release|Any CPU
	EndGlobalSection
	GlobalSection(SolutionProperties) = preSolution
		HideSolutionNode = FALSE
	EndGlobalSection
EndGlobal
